// !$*UTF8*$!
{
	archiveVersion = 1;
	classes = {
	};
	objectVersion = 48;
	objects = {

/* Begin PBXBuildFile section */
		0A500E902085110100AC9F1B /* AppDelegate.swift in Sources */ = {isa = PBXBuildFile; fileRef = 0A500E8F2085110100AC9F1B /* AppDelegate.swift */; };
		0A500E972085110100AC9F1B /* DetailViewController.swift in Sources */ = {isa = PBXBuildFile; fileRef = 0A500E962085110100AC9F1B /* DetailViewController.swift */; };
		0A500E9A2085110100AC9F1B /* Main.storyboard in Resources */ = {isa = PBXBuildFile; fileRef = 0A500E982085110100AC9F1B /* Main.storyboard */; };
		0A500E9C2085110100AC9F1B /* Assets.xcassets in Resources */ = {isa = PBXBuildFile; fileRef = 0A500E9B2085110100AC9F1B /* Assets.xcassets */; };
		0A500E9F2085110100AC9F1B /* LaunchScreen.storyboard in Resources */ = {isa = PBXBuildFile; fileRef = 0A500E9D2085110100AC9F1B /* LaunchScreen.storyboard */; };
		0A500EA7208514BF00AC9F1B /* PictureTableViewController.swift in Sources */ = {isa = PBXBuildFile; fileRef = 0A500EA6208514BF00AC9F1B /* PictureTableViewController.swift */; };
		0A500EA9208514F000AC9F1B /* PictureDetailViewController.swift in Sources */ = {isa = PBXBuildFile; fileRef = 0A500EA8208514F000AC9F1B /* PictureDetailViewController.swift */; };
		0ABEDB80208D25D400DEE4B7 /* GoogleService-Info.plist in Resources */ = {isa = PBXBuildFile; fileRef = 0ABEDB7F208D25D300DEE4B7 /* GoogleService-Info.plist */; };
		0ABEDB82208D27FA00DEE4B7 /* WeatherPic.swift in Sources */ = {isa = PBXBuildFile; fileRef = 0ABEDB81208D27FA00DEE4B7 /* WeatherPic.swift */; };
		5B1FC73A37CF860E08097A40 /* Pods_Photo_Bucket_Core_Data.framework in Frameworks */ = {isa = PBXBuildFile; fileRef = 50ED55D3FCE0DBF96879B3E9 /* Pods_Photo_Bucket_Core_Data.framework */; };
/* End PBXBuildFile section */

/* Begin PBXFileReference section */
		0A500E8C2085110100AC9F1B /* Photo Bucket Core Data.app */ = {isa = PBXFileReference; explicitFileType = wrapper.application; includeInIndex = 0; path = "Photo Bucket Core Data.app"; sourceTree = BUILT_PRODUCTS_DIR; };
		0A500E8F2085110100AC9F1B /* AppDelegate.swift */ = {isa = PBXFileReference; lastKnownFileType = sourcecode.swift; path = AppDelegate.swift; sourceTree = "<group>"; };
		0A500E962085110100AC9F1B /* DetailViewController.swift */ = {isa = PBXFileReference; lastKnownFileType = sourcecode.swift; path = DetailViewController.swift; sourceTree = "<group>"; };
		0A500E992085110100AC9F1B /* Base */ = {isa = PBXFileReference; lastKnownFileType = file.storyboard; name = Base; path = Base.lproj/Main.storyboard; sourceTree = "<group>"; };
		0A500E9B2085110100AC9F1B /* Assets.xcassets */ = {isa = PBXFileReference; lastKnownFileType = folder.assetcatalog; path = Assets.xcassets; sourceTree = "<group>"; };
		0A500E9E2085110100AC9F1B /* Base */ = {isa = PBXFileReference; lastKnownFileType = file.storyboard; name = Base; path = Base.lproj/LaunchScreen.storyboard; sourceTree = "<group>"; };
		0A500EA02085110100AC9F1B /* Info.plist */ = {isa = PBXFileReference; lastKnownFileType = text.plist.xml; path = Info.plist; sourceTree = "<group>"; };
		0A500EA6208514BF00AC9F1B /* PictureTableViewController.swift */ = {isa = PBXFileReference; lastKnownFileType = sourcecode.swift; path = PictureTableViewController.swift; sourceTree = "<group>"; };
		0A500EA8208514F000AC9F1B /* PictureDetailViewController.swift */ = {isa = PBXFileReference; lastKnownFileType = sourcecode.swift; path = PictureDetailViewController.swift; sourceTree = "<group>"; };
		0ABEDB7F208D25D300DEE4B7 /* GoogleService-Info.plist */ = {isa = PBXFileReference; fileEncoding = 4; lastKnownFileType = text.plist.xml; path = "GoogleService-Info.plist"; sourceTree = "<group>"; };
		0ABEDB81208D27FA00DEE4B7 /* WeatherPic.swift */ = {isa = PBXFileReference; lastKnownFileType = sourcecode.swift; path = WeatherPic.swift; sourceTree = "<group>"; };
		2D9AE3371617960F16315542 /* Pods-Photo Bucket Core Data.release.xcconfig */ = {isa = PBXFileReference; includeInIndex = 1; lastKnownFileType = text.xcconfig; name = "Pods-Photo Bucket Core Data.release.xcconfig"; path = "Pods/Target Support Files/Pods-Photo Bucket Core Data/Pods-Photo Bucket Core Data.release.xcconfig"; sourceTree = "<group>"; };
		50ED55D3FCE0DBF96879B3E9 /* Pods_Photo_Bucket_Core_Data.framework */ = {isa = PBXFileReference; explicitFileType = wrapper.framework; includeInIndex = 0; path = Pods_Photo_Bucket_Core_Data.framework; sourceTree = BUILT_PRODUCTS_DIR; };
		7A76901F85D36B44D33D4CCB /* Pods-Photo Bucket Core Data.debug.xcconfig */ = {isa = PBXFileReference; includeInIndex = 1; lastKnownFileType = text.xcconfig; name = "Pods-Photo Bucket Core Data.debug.xcconfig"; path = "Pods/Target Support Files/Pods-Photo Bucket Core Data/Pods-Photo Bucket Core Data.debug.xcconfig"; sourceTree = "<group>"; };
/* End PBXFileReference section */

/* Begin PBXFrameworksBuildPhase section */
		0A500E892085110100AC9F1B /* Frameworks */ = {
			isa = PBXFrameworksBuildPhase;
			buildActionMask = 2147483647;
			files = (
				5B1FC73A37CF860E08097A40 /* Pods_Photo_Bucket_Core_Data.framework in Frameworks */,
			);
			runOnlyForDeploymentPostprocessing = 0;
		};
/* End PBXFrameworksBuildPhase section */

/* Begin PBXGroup section */
		0A500E832085110100AC9F1B = {
			isa = PBXGroup;
			children = (
				0A500E8E2085110100AC9F1B /* Photo Bucket Core Data */,
				0A500E8D2085110100AC9F1B /* Products */,
				97FCB962414BFE8F1BF38548 /* Pods */,
				352B3EBD8A9B31478149D55C /* Frameworks */,
			);
			sourceTree = "<group>";
		};
		0A500E8D2085110100AC9F1B /* Products */ = {
			isa = PBXGroup;
			children = (
				0A500E8C2085110100AC9F1B /* Photo Bucket Core Data.app */,
			);
			name = Products;
			sourceTree = "<group>";
		};
		0A500E8E2085110100AC9F1B /* Photo Bucket Core Data */ = {
			isa = PBXGroup;
			children = (
				0A500E8F2085110100AC9F1B /* AppDelegate.swift */,
				0A500E962085110100AC9F1B /* DetailViewController.swift */,
				0A500EA6208514BF00AC9F1B /* PictureTableViewController.swift */,
				0ABEDB81208D27FA00DEE4B7 /* WeatherPic.swift */,
				0A500EA8208514F000AC9F1B /* PictureDetailViewController.swift */,
				0A500E982085110100AC9F1B /* Main.storyboard */,
				0A500E9B2085110100AC9F1B /* Assets.xcassets */,
				0A500E9D2085110100AC9F1B /* LaunchScreen.storyboard */,
				0ABEDB7F208D25D300DEE4B7 /* GoogleService-Info.plist */,
				0A500EA02085110100AC9F1B /* Info.plist */,
			);
			path = "Photo Bucket Core Data";
			sourceTree = "<group>";
		};
		352B3EBD8A9B31478149D55C /* Frameworks */ = {
			isa = PBXGroup;
			children = (
				50ED55D3FCE0DBF96879B3E9 /* Pods_Photo_Bucket_Core_Data.framework */,
			);
			name = Frameworks;
			sourceTree = "<group>";
		};
		97FCB962414BFE8F1BF38548 /* Pods */ = {
			isa = PBXGroup;
			children = (
				7A76901F85D36B44D33D4CCB /* Pods-Photo Bucket Core Data.debug.xcconfig */,
				2D9AE3371617960F16315542 /* Pods-Photo Bucket Core Data.release.xcconfig */,
			);
			name = Pods;
			sourceTree = "<group>";
		};
/* End PBXGroup section */

/* Begin PBXNativeTarget section */
		0A500E8B2085110100AC9F1B /* Photo Bucket Core Data */ = {
			isa = PBXNativeTarget;
			buildConfigurationList = 0A500EA32085110100AC9F1B /* Build configuration list for PBXNativeTarget "Photo Bucket Core Data" */;
			buildPhases = (
				53D3B20F0612FA9FFD97B802 /* [CP] Check Pods Manifest.lock */,
				0A500E882085110100AC9F1B /* Sources */,
				0A500E892085110100AC9F1B /* Frameworks */,
				0A500E8A2085110100AC9F1B /* Resources */,
				5B4781AEBFC3C499B1DEA265 /* [CP] Embed Pods Frameworks */,
			);
			buildRules = (
			);
			dependencies = (
			);
			name = "Photo Bucket Core Data";
			productName = "Photo Bucket Core Data";
			productReference = 0A500E8C2085110100AC9F1B /* Photo Bucket Core Data.app */;
			productType = "com.apple.product-type.application";
		};
/* End PBXNativeTarget section */

/* Begin PBXProject section */
		0A500E842085110100AC9F1B /* Project object */ = {
			isa = PBXProject;
			attributes = {
				LastSwiftUpdateCheck = 0910;
				LastUpgradeCheck = 0910;
				ORGANIZATIONNAME = "Rose-Hulman";
				TargetAttributes = {
					0A500E8B2085110100AC9F1B = {
						CreatedOnToolsVersion = 9.1;
						ProvisioningStyle = Automatic;
					};
				};
			};
			buildConfigurationList = 0A500E872085110100AC9F1B /* Build configuration list for PBXProject "Photo Bucket Core Data" */;
			compatibilityVersion = "Xcode 8.0";
			developmentRegion = en;
			hasScannedForEncodings = 0;
			knownRegions = (
				en,
				Base,
			);
			mainGroup = 0A500E832085110100AC9F1B;
			productRefGroup = 0A500E8D2085110100AC9F1B /* Products */;
			projectDirPath = "";
			projectRoot = "";
			targets = (
				0A500E8B2085110100AC9F1B /* Photo Bucket Core Data */,
			);
		};
/* End PBXProject section */

/* Begin PBXResourcesBuildPhase section */
		0A500E8A2085110100AC9F1B /* Resources */ = {
			isa = PBXResourcesBuildPhase;
			buildActionMask = 2147483647;
			files = (
				0A500E9F2085110100AC9F1B /* LaunchScreen.storyboard in Resources */,
				0A500E9C2085110100AC9F1B /* Assets.xcassets in Resources */,
				0A500E9A2085110100AC9F1B /* Main.storyboard in Resources */,
				0ABEDB80208D25D400DEE4B7 /* GoogleService-Info.plist in Resources */,
			);
			runOnlyForDeploymentPostprocessing = 0;
		};
/* End PBXResourcesBuildPhase section */

/* Begin PBXShellScriptBuildPhase section */
		53D3B20F0612FA9FFD97B802 /* [CP] Check Pods Manifest.lock */ = {
			isa = PBXShellScriptBuildPhase;
			buildActionMask = 2147483647;
			files = (
			);
			inputPaths = (
				"${PODS_PODFILE_DIR_PATH}/Podfile.lock",
				"${PODS_ROOT}/Manifest.lock",
			);
			name = "[CP] Check Pods Manifest.lock";
			outputPaths = (
				"$(DERIVED_FILE_DIR)/Pods-Photo Bucket Core Data-checkManifestLockResult.txt",
			);
			runOnlyForDeploymentPostprocessing = 0;
			shellPath = /bin/sh;
			shellScript = "diff \"${PODS_PODFILE_DIR_PATH}/Podfile.lock\" \"${PODS_ROOT}/Manifest.lock\" > /dev/null\nif [ $? != 0 ] ; then\n    # print error to STDERR\n    echo \"error: The sandbox is not in sync with the Podfile.lock. Run 'pod install' or update your CocoaPods installation.\" >&2\n    exit 1\nfi\n# This output is used by Xcode 'outputs' to avoid re-running this script phase.\necho \"SUCCESS\" > \"${SCRIPT_OUTPUT_FILE_0}\"\n";
			showEnvVarsInLog = 0;
		};
		5B4781AEBFC3C499B1DEA265 /* [CP] Embed Pods Frameworks */ = {
			isa = PBXShellScriptBuildPhase;
			buildActionMask = 2147483647;
			files = (
			);
			inputPaths = (
				"${SRCROOT}/Pods/Target Support Files/Pods-Photo Bucket Core Data/Pods-Photo Bucket Core Data-frameworks.sh",
				"${BUILT_PRODUCTS_DIR}/BoringSSL/openssl.framework",
				"${BUILT_PRODUCTS_DIR}/GoogleToolboxForMac/GoogleToolboxForMac.framework",
				"${BUILT_PRODUCTS_DIR}/Protobuf/Protobuf.framework",
				"${BUILT_PRODUCTS_DIR}/gRPC/GRPCClient.framework",
				"${BUILT_PRODUCTS_DIR}/gRPC-Core/grpc.framework",
				"${BUILT_PRODUCTS_DIR}/gRPC-ProtoRPC/ProtoRPC.framework",
				"${BUILT_PRODUCTS_DIR}/gRPC-RxLibrary/RxLibrary.framework",
				"${BUILT_PRODUCTS_DIR}/leveldb-library/leveldb.framework",
				"${BUILT_PRODUCTS_DIR}/nanopb/nanopb.framework",
			);
			name = "[CP] Embed Pods Frameworks";
			outputPaths = (
				"${TARGET_BUILD_DIR}/${FRAMEWORKS_FOLDER_PATH}/openssl.framework",
				"${TARGET_BUILD_DIR}/${FRAMEWORKS_FOLDER_PATH}/GoogleToolboxForMac.framework",
				"${TARGET_BUILD_DIR}/${FRAMEWORKS_FOLDER_PATH}/Protobuf.framework",
				"${TARGET_BUILD_DIR}/${FRAMEWORKS_FOLDER_PATH}/GRPCClient.framework",
				"${TARGET_BUILD_DIR}/${FRAMEWORKS_FOLDER_PATH}/grpc.framework",
				"${TARGET_BUILD_DIR}/${FRAMEWORKS_FOLDER_PATH}/ProtoRPC.framework",
				"${TARGET_BUILD_DIR}/${FRAMEWORKS_FOLDER_PATH}/RxLibrary.framework",
				"${TARGET_BUILD_DIR}/${FRAMEWORKS_FOLDER_PATH}/leveldb.framework",
				"${TARGET_BUILD_DIR}/${FRAMEWORKS_FOLDER_PATH}/nanopb.framework",
			);
			runOnlyForDeploymentPostprocessing = 0;
			shellPath = /bin/sh;
			shellScript = "\"${SRCROOT}/Pods/Target Support Files/Pods-Photo Bucket Core Data/Pods-Photo Bucket Core Data-frameworks.sh\"\n";
			showEnvVarsInLog = 0;
		};
/* End PBXShellScriptBuildPhase section */

/* Begin PBXSourcesBuildPhase section */
		0A500E882085110100AC9F1B /* Sources */ = {
			isa = PBXSourcesBuildPhase;
			buildActionMask = 2147483647;
			files = (
				0A500EA9208514F000AC9F1B /* PictureDetailViewController.swift in Sources */,
				0A500EA7208514BF00AC9F1B /* PictureTableViewController.swift in Sources */,
				0ABEDB82208D27FA00DEE4B7 /* WeatherPic.swift in Sources */,
				0A500E902085110100AC9F1B /* AppDelegate.swift in Sources */,
				0A500E972085110100AC9F1B /* DetailViewController.swift in Sources */,
			);
			runOnlyForDeploymentPostprocessing = 0;
		};
/* End PBXSourcesBuildPhase section */

/* Begin PBXVariantGroup section */
		0A500E982085110100AC9F1B /* Main.storyboard */ = {
			isa = PBXVariantGroup;
			children = (
				0A500E992085110100AC9F1B /* Base */,
			);
			name = Main.storyboard;
			sourceTree = "<group>";
		};
		0A500E9D2085110100AC9F1B /* LaunchScreen.storyboard */ = {
			isa = PBXVariantGroup;
			children = (
				0A500E9E2085110100AC9F1B /* Base */,
			);
			name = LaunchScreen.storyboard;
			sourceTree = "<group>";
		};
/* End PBXVariantGroup section */

/* Begin XCBuildConfiguration section */
		0A500EA12085110100AC9F1B /* Debug */ = {
			isa = XCBuildConfiguration;
			buildSettings = {
				ALWAYS_SEARCH_USER_PATHS = NO;
				CLANG_ANALYZER_NONNULL = YES;
				CLANG_ANALYZER_NUMBER_OBJECT_CONVERSION = YES_AGGRESSIVE;
				CLANG_CXX_LANGUAGE_STANDARD = "gnu++14";
				CLANG_CXX_LIBRARY = "libc++";
				CLANG_ENABLE_MODULES = YES;
				CLANG_ENABLE_OBJC_ARC = YES;
				CLANG_WARN_BLOCK_CAPTURE_AUTORELEASING = YES;
				CLANG_WARN_BOOL_CONVERSION = YES;
				CLANG_WARN_COMMA = YES;
				CLANG_WARN_CONSTANT_CONVERSION = YES;
				CLANG_WARN_DIRECT_OBJC_ISA_USAGE = YES_ERROR;
				CLANG_WARN_DOCUMENTATION_COMMENTS = YES;
				CLANG_WARN_EMPTY_BODY = YES;
				CLANG_WARN_ENUM_CONVERSION = YES;
				CLANG_WARN_INFINITE_RECURSION = YES;
				CLANG_WARN_INT_CONVERSION = YES;
				CLANG_WARN_NON_LITERAL_NULL_CONVERSION = YES;
				CLANG_WARN_OBJC_LITERAL_CONVERSION = YES;
				CLANG_WARN_OBJC_ROOT_CLASS = YES_ERROR;
				CLANG_WARN_RANGE_LOOP_ANALYSIS = YES;
				CLANG_WARN_STRICT_PROTOTYPES = YES;
				CLANG_WARN_SUSPICIOUS_MOVE = YES;
				CLANG_WARN_UNGUARDED_AVAILABILITY = YES_AGGRESSIVE;
				CLANG_WARN_UNREACHABLE_CODE = YES;
				CLANG_WARN__DUPLICATE_METHOD_MATCH = YES;
				CODE_SIGN_IDENTITY = "iPhone Developer";
				COPY_PHASE_STRIP = NO;
				DEBUG_INFORMATION_FORMAT = dwarf;
				ENABLE_STRICT_OBJC_MSGSEND = YES;
				ENABLE_TESTABILITY = YES;
				GCC_C_LANGUAGE_STANDARD = gnu11;
				GCC_DYNAMIC_NO_PIC = NO;
				GCC_NO_COMMON_BLOCKS = YES;
				GCC_OPTIMIZATION_LEVEL = 0;
				GCC_PREPROCESSOR_DEFINITIONS = (
					"DEBUG=1",
					"$(inherited)",
				);
				GCC_WARN_64_TO_32_BIT_CONVERSION = YES;
				GCC_WARN_ABOUT_RETURN_TYPE = YES_ERROR;
				GCC_WARN_UNDECLARED_SELECTOR = YES;
				GCC_WARN_UNINITIALIZED_AUTOS = YES_AGGRESSIVE;
				GCC_WARN_UNUSED_FUNCTION = YES;
				GCC_WARN_UNUSED_VARIABLE = YES;
				IPHONEOS_DEPLOYMENT_TARGET = 11.1;
				MTL_ENABLE_DEBUG_INFO = YES;
				ONLY_ACTIVE_ARCH = YES;
				SDKROOT = iphoneos;
				SWIFT_ACTIVE_COMPILATION_CONDITIONS = DEBUG;
				SWIFT_OPTIMIZATION_LEVEL = "-Onone";
			};
			name = Debug;
		};
		0A500EA22085110100AC9F1B /* Release */ = {
			isa = XCBuildConfiguration;
			buildSettings = {
				ALWAYS_SEARCH_USER_PATHS = NO;
				CLANG_ANALYZER_NONNULL = YES;
				CLANG_ANALYZER_NUMBER_OBJECT_CONVERSION = YES_AGGRESSIVE;
				CLANG_CXX_LANGUAGE_STANDARD = "gnu++14";
				CLANG_CXX_LIBRARY = "libc++";
				CLANG_ENABLE_MODULES = YES;
				CLANG_ENABLE_OBJC_ARC = YES;
				CLANG_WARN_BLOCK_CAPTURE_AUTORELEASING = YES;
				CLANG_WARN_BOOL_CONVERSION = YES;
				CLANG_WARN_COMMA = YES;
				CLANG_WARN_CONSTANT_CONVERSION = YES;
				CLANG_WARN_DIRECT_OBJC_ISA_USAGE = YES_ERROR;
				CLANG_WARN_DOCUMENTATION_COMMENTS = YES;
				CLANG_WARN_EMPTY_BODY = YES;
				CLANG_WARN_ENUM_CONVERSION = YES;
				CLANG_WARN_INFINITE_RECURSION = YES;
				CLANG_WARN_INT_CONVERSION = YES;
				CLANG_WARN_NON_LITERAL_NULL_CONVERSION = YES;
				CLANG_WARN_OBJC_LITERAL_CONVERSION = YES;
				CLANG_WARN_OBJC_ROOT_CLASS = YES_ERROR;
				CLANG_WARN_RANGE_LOOP_ANALYSIS = YES;
				CLANG_WARN_STRICT_PROTOTYPES = YES;
				CLANG_WARN_SUSPICIOUS_MOVE = YES;
				CLANG_WARN_UNGUARDED_AVAILABILITY = YES_AGGRESSIVE;
				CLANG_WARN_UNREACHABLE_CODE = YES;
				CLANG_WARN__DUPLICATE_METHOD_MATCH = YES;
				CODE_SIGN_IDENTITY = "iPhone Developer";
				COPY_PHASE_STRIP = NO;
				DEBUG_INFORMATION_FORMAT = "dwarf-with-dsym";
				ENABLE_NS_ASSERTIONS = NO;
				ENABLE_STRICT_OBJC_MSGSEND = YES;
				GCC_C_LANGUAGE_STANDARD = gnu11;
				GCC_NO_COMMON_BLOCKS = YES;
				GCC_WARN_64_TO_32_BIT_CONVERSION = YES;
				GCC_WARN_ABOUT_RETURN_TYPE = YES_ERROR;
				GCC_WARN_UNDECLARED_SELECTOR = YES;
				GCC_WARN_UNINITIALIZED_AUTOS = YES_AGGRESSIVE;
				GCC_WARN_UNUSED_FUNCTION = YES;
				GCC_WARN_UNUSED_VARIABLE = YES;
				IPHONEOS_DEPLOYMENT_TARGET = 11.1;
				MTL_ENABLE_DEBUG_INFO = NO;
				SDKROOT = iphoneos;
				SWIFT_OPTIMIZATION_LEVEL = "-Owholemodule";
				VALIDATE_PRODUCT = YES;
			};
			name = Release;
		};
		0A500EA42085110100AC9F1B /* Debug */ = {
			isa = XCBuildConfiguration;
			baseConfigurationReference = 7A76901F85D36B44D33D4CCB /* Pods-Photo Bucket Core Data.debug.xcconfig */;
			buildSettings = {
				ASSETCATALOG_COMPILER_APPICON_NAME = AppIcon;
				CODE_SIGN_STYLE = Automatic;
				INFOPLIST_FILE = "Photo Bucket Core Data/Info.plist";
				LD_RUNPATH_SEARCH_PATHS = "$(inherited) @executable_path/Frameworks";
				PRODUCT_BUNDLE_IDENTIFIER = "edu.rosehulman.schiesla.Photo-Bucket-Firestore";
				PRODUCT_NAME = "$(TARGET_NAME)";
				SWIFT_VERSION = 4.0;
				TARGETED_DEVICE_FAMILY = "1,2";
			};
			name = Debug;
		};
		0A500EA52085110100AC9F1B /* Release */ = {
			isa = XCBuildConfiguration;
			baseConfigurationReference = 2D9AE3371617960F16315542 /* Pods-Photo Bucket Core Data.release.xcconfig */;
			buildSettings = {
				ASSETCATALOG_COMPILER_APPICON_NAME = AppIcon;
				CODE_SIGN_STYLE = Automatic;
				INFOPLIST_FILE = "Photo Bucket Core Data/Info.plist";
				LD_RUNPATH_SEARCH_PATHS = "$(inherited) @executable_path/Frameworks";
				PRODUCT_BUNDLE_IDENTIFIER = "edu.rosehulman.schiesla.Photo-Bucket-Firestore";
				PRODUCT_NAME = "$(TARGET_NAME)";
				SWIFT_VERSION = 4.0;
				TARGETED_DEVICE_FAMILY = "1,2";
			};
			name = Release;
		};
/* End XCBuildConfiguration section */

/* Begin XCConfigurationList section */
		0A500E872085110100AC9F1B /* Build configuration list for PBXProject "Photo Bucket Core Data" */ = {
			isa = XCConfigurationList;
			buildConfigurations = (
				0A500EA12085110100AC9F1B /* Debug */,
				0A500EA22085110100AC9F1B /* Release */,
			);
			defaultConfigurationIsVisible = 0;
			defaultConfigurationName = Release;
		};
		0A500EA32085110100AC9F1B /* Build configuration list for PBXNativeTarget "Photo Bucket Core Data" */ = {
			isa = XCConfigurationList;
			buildConfigurations = (
				0A500EA42085110100AC9F1B /* Debug */,
				0A500EA52085110100AC9F1B /* Release */,
			);
			defaultConfigurationIsVisible = 0;
			defaultConfigurationName = Release;
		};
/* End XCConfigurationList section */
	};
	rootObject = 0A500E842085110100AC9F1B /* Project object */;
}
