// !$*UTF8*$!
{
	archiveVersion = 1;
	classes = {
	};
	objectVersion = 48;
	objects = {

/* Begin PBXBuildFile section */
		0A500E902085110100AC9F1B /* AppDelegate.swift in Sources */ = {isa = PBXBuildFile; fileRef = 0A500E8F2085110100AC9F1B /* AppDelegate.swift */; };
		0A500E932085110100AC9F1B /* Photo_Bucket_Core_Data.xcdatamodeld in Sources */ = {isa = PBXBuildFile; fileRef = 0A500E912085110100AC9F1B /* Photo_Bucket_Core_Data.xcdatamodeld */; };
		0A500E952085110100AC9F1B /* MasterViewController.swift in Sources */ = {isa = PBXBuildFile; fileRef = 0A500E942085110100AC9F1B /* MasterViewController.swift */; };
		0A500E972085110100AC9F1B /* DetailViewController.swift in Sources */ = {isa = PBXBuildFile; fileRef = 0A500E962085110100AC9F1B /* DetailViewController.swift */; };
		0A500E9A2085110100AC9F1B /* Main.storyboard in Resources */ = {isa = PBXBuildFile; fileRef = 0A500E982085110100AC9F1B /* Main.storyboard */; };
		0A500E9C2085110100AC9F1B /* Assets.xcassets in Resources */ = {isa = PBXBuildFile; fileRef = 0A500E9B2085110100AC9F1B /* Assets.xcassets */; };
		0A500E9F2085110100AC9F1B /* LaunchScreen.storyboard in Resources */ = {isa = PBXBuildFile; fileRef = 0A500E9D2085110100AC9F1B /* LaunchScreen.storyboard */; };
/* End PBXBuildFile section */

/* Begin PBXFileReference section */
		0A500E8C2085110100AC9F1B /* Photo Bucket Core Data.app */ = {isa = PBXFileReference; explicitFileType = wrapper.application; includeInIndex = 0; path = "Photo Bucket Core Data.app"; sourceTree = BUILT_PRODUCTS_DIR; };
		0A500E8F2085110100AC9F1B /* AppDelegate.swift */ = {isa = PBXFileReference; lastKnownFileType = sourcecode.swift; path = AppDelegate.swift; sourceTree = "<group>"; };
		0A500E922085110100AC9F1B /* Photo_Bucket_Core_Data.xcdatamodel */ = {isa = PBXFileReference; lastKnownFileType = wrapper.xcdatamodel; path = Photo_Bucket_Core_Data.xcdatamodel; sourceTree = "<group>"; };
		0A500E942085110100AC9F1B /* MasterViewController.swift */ = {isa = PBXFileReference; lastKnownFileType = sourcecode.swift; path = MasterViewController.swift; sourceTree = "<group>"; };
		0A500E962085110100AC9F1B /* DetailViewController.swift */ = {isa = PBXFileReference; lastKnownFileType = sourcecode.swift; path = DetailViewController.swift; sourceTree = "<group>"; };
		0A500E992085110100AC9F1B /* Base */ = {isa = PBXFileReference; lastKnownFileType = file.storyboard; name = Base; path = Base.lproj/Main.storyboard; sourceTree = "<group>"; };
		0A500E9B2085110100AC9F1B /* Assets.xcassets */ = {isa = PBXFileReference; lastKnownFileType = folder.assetcatalog; path = Assets.xcassets; sourceTree = "<group>"; };
		0A500E9E2085110100AC9F1B /* Base */ = {isa = PBXFileReference; lastKnownFileType = file.storyboard; name = Base; path = Base.lproj/LaunchScreen.storyboard; sourceTree = "<group>"; };
		0A500EA02085110100AC9F1B /* Info.plist */ = {isa = PBXFileReference; lastKnownFileType = text.plist.xml; path = Info.plist; sourceTree = "<group>"; };
/* End PBXFileReference section */

/* Begin PBXFrameworksBuildPhase section */
		0A500E892085110100AC9F1B /* Frameworks */ = {
			isa = PBXFrameworksBuildPhase;
			buildActionMask = 2147483647;
			files = (
			);
			runOnlyForDeploymentPostprocessing = 0;
		};
/* End PBXFrameworksBuildPhase section */

/* Begin PBXGroup section */
		0A500E832085110100AC9F1B = {
			isa = PBXGroup;
			children = (
				0A500E8E2085110100AC9F1B /* Photo Bucket Core Data */,
				0A500E8D2085110100AC9F1B /* Products */,
			);
			sourceTree = "<group>";
		};
		0A500E8D2085110100AC9F1B /* Products */ = {
			isa = PBXGroup;
			children = (
				0A500E8C2085110100AC9F1B /* Photo Bucket Core Data.app */,
			);
			name = Products;
			sourceTree = "<group>";
		};
		0A500E8E2085110100AC9F1B /* Photo Bucket Core Data */ = {
			isa = PBXGroup;
			children = (
				0A500E8F2085110100AC9F1B /* AppDelegate.swift */,
				0A500E942085110100AC9F1B /* MasterViewController.swift */,
				0A500E962085110100AC9F1B /* DetailViewController.swift */,
				0A500E982085110100AC9F1B /* Main.storyboard */,
				0A500E9B2085110100AC9F1B /* Assets.xcassets */,
				0A500E9D2085110100AC9F1B /* LaunchScreen.storyboard */,
				0A500EA02085110100AC9F1B /* Info.plist */,
				0A500E912085110100AC9F1B /* Photo_Bucket_Core_Data.xcdatamodeld */,
			);
			path = "Photo Bucket Core Data";
			sourceTree = "<group>";
		};
/* End PBXGroup section */

/* Begin PBXNativeTarget section */
		0A500E8B2085110100AC9F1B /* Photo Bucket Core Data */ = {
			isa = PBXNativeTarget;
			buildConfigurationList = 0A500EA32085110100AC9F1B /* Build configuration list for PBXNativeTarget "Photo Bucket Core Data" */;
			buildPhases = (
				0A500E882085110100AC9F1B /* Sources */,
				0A500E892085110100AC9F1B /* Frameworks */,
				0A500E8A2085110100AC9F1B /* Resources */,
			);
			buildRules = (
			);
			dependencies = (
			);
			name = "Photo Bucket Core Data";
			productName = "Photo Bucket Core Data";
			productReference = 0A500E8C2085110100AC9F1B /* Photo Bucket Core Data.app */;
			productType = "com.apple.product-type.application";
		};
/* End PBXNativeTarget section */

/* Begin PBXProject section */
		0A500E842085110100AC9F1B /* Project object */ = {
			isa = PBXProject;
			attributes = {
				LastSwiftUpdateCheck = 0910;
				LastUpgradeCheck = 0910;
				ORGANIZATIONNAME = "Rose-Hulman";
				TargetAttributes = {
					0A500E8B2085110100AC9F1B = {
						CreatedOnToolsVersion = 9.1;
						ProvisioningStyle = Automatic;
					};
				};
			};
			buildConfigurationList = 0A500E872085110100AC9F1B /* Build configuration list for PBXProject "Photo Bucket Core Data" */;
			compatibilityVersion = "Xcode 8.0";
			developmentRegion = en;
			hasScannedForEncodings = 0;
			knownRegions = (
				en,
				Base,
			);
			mainGroup = 0A500E832085110100AC9F1B;
			productRefGroup = 0A500E8D2085110100AC9F1B /* Products */;
			projectDirPath = "";
			projectRoot = "";
			targets = (
				0A500E8B2085110100AC9F1B /* Photo Bucket Core Data */,
			);
		};
/* End PBXProject section */

/* Begin PBXResourcesBuildPhase section */
		0A500E8A2085110100AC9F1B /* Resources */ = {
			isa = PBXResourcesBuildPhase;
			buildActionMask = 2147483647;
			files = (
				0A500E9F2085110100AC9F1B /* LaunchScreen.storyboard in Resources */,
				0A500E9C2085110100AC9F1B /* Assets.xcassets in Resources */,
				0A500E9A2085110100AC9F1B /* Main.storyboard in Resources */,
			);
			runOnlyForDeploymentPostprocessing = 0;
		};
/* End PBXResourcesBuildPhase section */

/* Begin PBXSourcesBuildPhase section */
		0A500E882085110100AC9F1B /* Sources */ = {
			isa = PBXSourcesBuildPhase;
			buildActionMask = 2147483647;
			files = (
				0A500E902085110100AC9F1B /* AppDelegate.swift in Sources */,
				0A500E932085110100AC9F1B /* Photo_Bucket_Core_Data.xcdatamodeld in Sources */,
				0A500E952085110100AC9F1B /* MasterViewController.swift in Sources */,
				0A500E972085110100AC9F1B /* DetailViewController.swift in Sources */,
			);
			runOnlyForDeploymentPostprocessing = 0;
		};
/* End PBXSourcesBuildPhase section */

/* Begin PBXVariantGroup section */
		0A500E982085110100AC9F1B /* Main.storyboard */ = {
			isa = PBXVariantGroup;
			children = (
				0A500E992085110100AC9F1B /* Base */,
			);
			name = Main.storyboard;
			sourceTree = "<group>";
		};
		0A500E9D2085110100AC9F1B /* LaunchScreen.storyboard */ = {
			isa = PBXVariantGroup;
			children = (
				0A500E9E2085110100AC9F1B /* Base */,
			);
			name = LaunchScreen.storyboard;
			sourceTree = "<group>";
		};
/* End PBXVariantGroup section */

/* Begin XCBuildConfiguration section */
		0A500EA12085110100AC9F1B /* Debug */ = {
			isa = XCBuildConfiguration;
			buildSettings = {
				ALWAYS_SEARCH_USER_PATHS = NO;
				CLANG_ANALYZER_NONNULL = YES;
				CLANG_ANALYZER_NUMBER_OBJECT_CONVERSION = YES_AGGRESSIVE;
				CLANG_CXX_LANGUAGE_STANDARD = "gnu++14";
				CLANG_CXX_LIBRARY = "libc++";
				CLANG_ENABLE_MODULES = YES;
				CLANG_ENABLE_OBJC_ARC = YES;
				CLANG_WARN_BLOCK_CAPTURE_AUTORELEASING = YES;
				CLANG_WARN_BOOL_CONVERSION = YES;
				CLANG_WARN_COMMA = YES;
				CLANG_WARN_CONSTANT_CONVERSION = YES;
				CLANG_WARN_DIRECT_OBJC_ISA_USAGE = YES_ERROR;
				CLANG_WARN_DOCUMENTATION_COMMENTS = YES;
				CLANG_WARN_EMPTY_BODY = YES;
				CLANG_WARN_ENUM_CONVERSION = YES;
				CLANG_WARN_INFINITE_RECURSION = YES;
				CLANG_WARN_INT_CONVERSION = YES;
				CLANG_WARN_NON_LITERAL_NULL_CONVERSION = YES;
				CLANG_WARN_OBJC_LITERAL_CONVERSION = YES;
				CLANG_WARN_OBJC_ROOT_CLASS = YES_ERROR;
				CLANG_WARN_RANGE_LOOP_ANALYSIS = YES;
				CLANG_WARN_STRICT_PROTOTYPES = YES;
				CLANG_WARN_SUSPICIOUS_MOVE = YES;
				CLANG_WARN_UNGUARDED_AVAILABILITY = YES_AGGRESSIVE;
				CLANG_WARN_UNREACHABLE_CODE = YES;
				CLANG_WARN__DUPLICATE_METHOD_MATCH = YES;
				CODE_SIGN_IDENTITY = "iPhone Developer";
				COPY_PHASE_STRIP = NO;
				DEBUG_INFORMATION_FORMAT = dwarf;
				ENABLE_STRICT_OBJC_MSGSEND = YES;
				ENABLE_TESTABILITY = YES;
				GCC_C_LANGUAGE_STANDARD = gnu11;
				GCC_DYNAMIC_NO_PIC = NO;
				GCC_NO_COMMON_BLOCKS = YES;
				GCC_OPTIMIZATION_LEVEL = 0;
				GCC_PREPROCESSOR_DEFINITIONS = (
					"DEBUG=1",
					"$(inherited)",
				);
				GCC_WARN_64_TO_32_BIT_CONVERSION = YES;
				GCC_WARN_ABOUT_RETURN_TYPE = YES_ERROR;
				GCC_WARN_UNDECLARED_SELECTOR = YES;
				GCC_WARN_UNINITIALIZED_AUTOS = YES_AGGRESSIVE;
				GCC_WARN_UNUSED_FUNCTION = YES;
				GCC_WARN_UNUSED_VARIABLE = YES;
				IPHONEOS_DEPLOYMENT_TARGET = 11.1;
				MTL_ENABLE_DEBUG_INFO = YES;
				ONLY_ACTIVE_ARCH = YES;
				SDKROOT = iphoneos;
				SWIFT_ACTIVE_COMPILATION_CONDITIONS = DEBUG;
				SWIFT_OPTIMIZATION_LEVEL = "-Onone";
			};
			name = Debug;
		};
		0A500EA22085110100AC9F1B /* Release */ = {
			isa = XCBuildConfiguration;
			buildSettings = {
				ALWAYS_SEARCH_USER_PATHS = NO;
				CLANG_ANALYZER_NONNULL = YES;
				CLANG_ANALYZER_NUMBER_OBJECT_CONVERSION = YES_AGGRESSIVE;
				CLANG_CXX_LANGUAGE_STANDARD = "gnu++14";
				CLANG_CXX_LIBRARY = "libc++";
				CLANG_ENABLE_MODULES = YES;
				CLANG_ENABLE_OBJC_ARC = YES;
				CLANG_WARN_BLOCK_CAPTURE_AUTORELEASING = YES;
				CLANG_WARN_BOOL_CONVERSION = YES;
				CLANG_WARN_COMMA = YES;
				CLANG_WARN_CONSTANT_CONVERSION = YES;
				CLANG_WARN_DIRECT_OBJC_ISA_USAGE = YES_ERROR;
				CLANG_WARN_DOCUMENTATION_COMMENTS = YES;
				CLANG_WARN_EMPTY_BODY = YES;
				CLANG_WARN_ENUM_CONVERSION = YES;
				CLANG_WARN_INFINITE_RECURSION = YES;
				CLANG_WARN_INT_CONVERSION = YES;
				CLANG_WARN_NON_LITERAL_NULL_CONVERSION = YES;
				CLANG_WARN_OBJC_LITERAL_CONVERSION = YES;
				CLANG_WARN_OBJC_ROOT_CLASS = YES_ERROR;
				CLANG_WARN_RANGE_LOOP_ANALYSIS = YES;
				CLANG_WARN_STRICT_PROTOTYPES = YES;
				CLANG_WARN_SUSPICIOUS_MOVE = YES;
				CLANG_WARN_UNGUARDED_AVAILABILITY = YES_AGGRESSIVE;
				CLANG_WARN_UNREACHABLE_CODE = YES;
				CLANG_WARN__DUPLICATE_METHOD_MATCH = YES;
				CODE_SIGN_IDENTITY = "iPhone Developer";
				COPY_PHASE_STRIP = NO;
				DEBUG_INFORMATION_FORMAT = "dwarf-with-dsym";
				ENABLE_NS_ASSERTIONS = NO;
				ENABLE_STRICT_OBJC_MSGSEND = YES;
				GCC_C_LANGUAGE_STANDARD = gnu11;
				GCC_NO_COMMON_BLOCKS = YES;
				GCC_WARN_64_TO_32_BIT_CONVERSION = YES;
				GCC_WARN_ABOUT_RETURN_TYPE = YES_ERROR;
				GCC_WARN_UNDECLARED_SELECTOR = YES;
				GCC_WARN_UNINITIALIZED_AUTOS = YES_AGGRESSIVE;
				GCC_WARN_UNUSED_FUNCTION = YES;
				GCC_WARN_UNUSED_VARIABLE = YES;
				IPHONEOS_DEPLOYMENT_TARGET = 11.1;
				MTL_ENABLE_DEBUG_INFO = NO;
				SDKROOT = iphoneos;
				SWIFT_OPTIMIZATION_LEVEL = "-Owholemodule";
				VALIDATE_PRODUCT = YES;
			};
			name = Release;
		};
		0A500EA42085110100AC9F1B /* Debug */ = {
			isa = XCBuildConfiguration;
			buildSettings = {
				ASSETCATALOG_COMPILER_APPICON_NAME = AppIcon;
				CODE_SIGN_STYLE = Automatic;
				INFOPLIST_FILE = "Photo Bucket Core Data/Info.plist";
				LD_RUNPATH_SEARCH_PATHS = "$(inherited) @executable_path/Frameworks";
				PRODUCT_BUNDLE_IDENTIFIER = "edu.rosehulman.schiesla.Photo-Bucket-Core-Data";
				PRODUCT_NAME = "$(TARGET_NAME)";
				SWIFT_VERSION = 4.0;
				TARGETED_DEVICE_FAMILY = "1,2";
			};
			name = Debug;
		};
		0A500EA52085110100AC9F1B /* Release */ = {
			isa = XCBuildConfiguration;
			buildSettings = {
				ASSETCATALOG_COMPILER_APPICON_NAME = AppIcon;
				CODE_SIGN_STYLE = Automatic;
				INFOPLIST_FILE = "Photo Bucket Core Data/Info.plist";
				LD_RUNPATH_SEARCH_PATHS = "$(inherited) @executable_path/Frameworks";
				PRODUCT_BUNDLE_IDENTIFIER = "edu.rosehulman.schiesla.Photo-Bucket-Core-Data";
				PRODUCT_NAME = "$(TARGET_NAME)";
				SWIFT_VERSION = 4.0;
				TARGETED_DEVICE_FAMILY = "1,2";
			};
			name = Release;
		};
/* End XCBuildConfiguration section */

/* Begin XCConfigurationList section */
		0A500E872085110100AC9F1B /* Build configuration list for PBXProject "Photo Bucket Core Data" */ = {
			isa = XCConfigurationList;
			buildConfigurations = (
				0A500EA12085110100AC9F1B /* Debug */,
				0A500EA22085110100AC9F1B /* Release */,
			);
			defaultConfigurationIsVisible = 0;
			defaultConfigurationName = Release;
		};
		0A500EA32085110100AC9F1B /* Build configuration list for PBXNativeTarget "Photo Bucket Core Data" */ = {
			isa = XCConfigurationList;
			buildConfigurations = (
				0A500EA42085110100AC9F1B /* Debug */,
				0A500EA52085110100AC9F1B /* Release */,
			);
			defaultConfigurationIsVisible = 0;
			defaultConfigurationName = Release;
		};
/* End XCConfigurationList section */

/* Begin XCVersionGroup section */
		0A500E912085110100AC9F1B /* Photo_Bucket_Core_Data.xcdatamodeld */ = {
			isa = XCVersionGroup;
			children = (
				0A500E922085110100AC9F1B /* Photo_Bucket_Core_Data.xcdatamodel */,
			);
			currentVersion = 0A500E922085110100AC9F1B /* Photo_Bucket_Core_Data.xcdatamodel */;
			path = Photo_Bucket_Core_Data.xcdatamodeld;
			sourceTree = "<group>";
			versionGroupType = wrapper.xcdatamodel;
		};
/* End XCVersionGroup section */
	};
	rootObject = 0A500E842085110100AC9F1B /* Project object */;
}
